// !$*UTF8*$!
{
	archiveVersion = 1;
	classes = {
	};
	objectVersion = 46;
	objects = {

/* Begin PBXBuildFile section */
		5427072F1F2F41DA009006D1 /* main.m in Sources */ = {isa = PBXBuildFile; fileRef = 5427072E1F2F41DA009006D1 /* main.m */; };
		542707321F2F41DA009006D1 /* AppDelegate.m in Sources */ = {isa = PBXBuildFile; fileRef = 542707311F2F41DA009006D1 /* AppDelegate.m */; };
		542707351F2F41DA009006D1 /* ViewController.m in Sources */ = {isa = PBXBuildFile; fileRef = 542707341F2F41DA009006D1 /* ViewController.m */; };
		542707381F2F41DA009006D1 /* Main.storyboard in Resources */ = {isa = PBXBuildFile; fileRef = 542707361F2F41DA009006D1 /* Main.storyboard */; };
		5427073A1F2F41DA009006D1 /* Assets.xcassets in Resources */ = {isa = PBXBuildFile; fileRef = 542707391F2F41DA009006D1 /* Assets.xcassets */; };
		5427073D1F2F41DA009006D1 /* LaunchScreen.storyboard in Resources */ = {isa = PBXBuildFile; fileRef = 5427073B1F2F41DA009006D1 /* LaunchScreen.storyboard */; };
		542707481F2F41DB009006D1 /* YYKit_Category_ImitateTests.m in Sources */ = {isa = PBXBuildFile; fileRef = 542707471F2F41DB009006D1 /* YYKit_Category_ImitateTests.m */; };
		542707531F2F41DB009006D1 /* YYKit_Category_ImitateUITests.m in Sources */ = {isa = PBXBuildFile; fileRef = 542707521F2F41DB009006D1 /* YYKit_Category_ImitateUITests.m */; };
		542707621F2F41FF009006D1 /* CALayer+LQAdd.m in Sources */ = {isa = PBXBuildFile; fileRef = 542707611F2F41FF009006D1 /* CALayer+LQAdd.m */; };
		542707651F2F772F009006D1 /* LQCGUtilities.m in Sources */ = {isa = PBXBuildFile; fileRef = 542707641F2F772F009006D1 /* LQCGUtilities.m */; };
		542707681F3029F0009006D1 /* 1.jpg in Resources */ = {isa = PBXBuildFile; fileRef = 542707661F3029F0009006D1 /* 1.jpg */; };
		542707691F3029F0009006D1 /* 2.jpg in Resources */ = {isa = PBXBuildFile; fileRef = 542707671F3029F0009006D1 /* 2.jpg */; };
		5427076C1F304D9E009006D1 /* NSArray+LQAdd.m in Sources */ = {isa = PBXBuildFile; fileRef = 5427076B1F304D9E009006D1 /* NSArray+LQAdd.m */; };
/* End PBXBuildFile section */

/* Begin PBXContainerItemProxy section */
		542707441F2F41DA009006D1 /* PBXContainerItemProxy */ = {
			isa = PBXContainerItemProxy;
			containerPortal = 542707221F2F41DA009006D1 /* Project object */;
			proxyType = 1;
			remoteGlobalIDString = 542707291F2F41DA009006D1;
			remoteInfo = YYKit_Category_Imitate;
		};
		5427074F1F2F41DB009006D1 /* PBXContainerItemProxy */ = {
			isa = PBXContainerItemProxy;
			containerPortal = 542707221F2F41DA009006D1 /* Project object */;
			proxyType = 1;
			remoteGlobalIDString = 542707291F2F41DA009006D1;
			remoteInfo = YYKit_Category_Imitate;
		};
/* End PBXContainerItemProxy section */

/* Begin PBXFileReference section */
		5427072A1F2F41DA009006D1 /* YYKit_Category_Imitate.app */ = {isa = PBXFileReference; explicitFileType = wrapper.application; includeInIndex = 0; path = YYKit_Category_Imitate.app; sourceTree = BUILT_PRODUCTS_DIR; };
		5427072E1F2F41DA009006D1 /* main.m */ = {isa = PBXFileReference; lastKnownFileType = sourcecode.c.objc; path = main.m; sourceTree = "<group>"; };
		542707301F2F41DA009006D1 /* AppDelegate.h */ = {isa = PBXFileReference; lastKnownFileType = sourcecode.c.h; path = AppDelegate.h; sourceTree = "<group>"; };
		542707311F2F41DA009006D1 /* AppDelegate.m */ = {isa = PBXFileReference; lastKnownFileType = sourcecode.c.objc; path = AppDelegate.m; sourceTree = "<group>"; };
		542707331F2F41DA009006D1 /* ViewController.h */ = {isa = PBXFileReference; lastKnownFileType = sourcecode.c.h; path = ViewController.h; sourceTree = "<group>"; };
		542707341F2F41DA009006D1 /* ViewController.m */ = {isa = PBXFileReference; lastKnownFileType = sourcecode.c.objc; path = ViewController.m; sourceTree = "<group>"; };
		542707371F2F41DA009006D1 /* Base */ = {isa = PBXFileReference; lastKnownFileType = file.storyboard; name = Base; path = Base.lproj/Main.storyboard; sourceTree = "<group>"; };
		542707391F2F41DA009006D1 /* Assets.xcassets */ = {isa = PBXFileReference; lastKnownFileType = folder.assetcatalog; path = Assets.xcassets; sourceTree = "<group>"; };
		5427073C1F2F41DA009006D1 /* Base */ = {isa = PBXFileReference; lastKnownFileType = file.storyboard; name = Base; path = Base.lproj/LaunchScreen.storyboard; sourceTree = "<group>"; };
		5427073E1F2F41DA009006D1 /* Info.plist */ = {isa = PBXFileReference; lastKnownFileType = text.plist.xml; path = Info.plist; sourceTree = "<group>"; };
		542707431F2F41DA009006D1 /* YYKit_Category_ImitateTests.xctest */ = {isa = PBXFileReference; explicitFileType = wrapper.cfbundle; includeInIndex = 0; path = YYKit_Category_ImitateTests.xctest; sourceTree = BUILT_PRODUCTS_DIR; };
		542707471F2F41DB009006D1 /* YYKit_Category_ImitateTests.m */ = {isa = PBXFileReference; lastKnownFileType = sourcecode.c.objc; path = YYKit_Category_ImitateTests.m; sourceTree = "<group>"; };
		542707491F2F41DB009006D1 /* Info.plist */ = {isa = PBXFileReference; lastKnownFileType = text.plist.xml; path = Info.plist; sourceTree = "<group>"; };
		5427074E1F2F41DB009006D1 /* YYKit_Category_ImitateUITests.xctest */ = {isa = PBXFileReference; explicitFileType = wrapper.cfbundle; includeInIndex = 0; path = YYKit_Category_ImitateUITests.xctest; sourceTree = BUILT_PRODUCTS_DIR; };
		542707521F2F41DB009006D1 /* YYKit_Category_ImitateUITests.m */ = {isa = PBXFileReference; lastKnownFileType = sourcecode.c.objc; path = YYKit_Category_ImitateUITests.m; sourceTree = "<group>"; };
		542707541F2F41DB009006D1 /* Info.plist */ = {isa = PBXFileReference; lastKnownFileType = text.plist.xml; path = Info.plist; sourceTree = "<group>"; };
		542707601F2F41FF009006D1 /* CALayer+LQAdd.h */ = {isa = PBXFileReference; fileEncoding = 4; lastKnownFileType = sourcecode.c.h; path = "CALayer+LQAdd.h"; sourceTree = "<group>"; };
		542707611F2F41FF009006D1 /* CALayer+LQAdd.m */ = {isa = PBXFileReference; fileEncoding = 4; lastKnownFileType = sourcecode.c.objc; path = "CALayer+LQAdd.m"; sourceTree = "<group>"; };
		542707631F2F772F009006D1 /* LQCGUtilities.h */ = {isa = PBXFileReference; fileEncoding = 4; lastKnownFileType = sourcecode.c.h; path = LQCGUtilities.h; sourceTree = "<group>"; };
		542707641F2F772F009006D1 /* LQCGUtilities.m */ = {isa = PBXFileReference; fileEncoding = 4; lastKnownFileType = sourcecode.c.objc; path = LQCGUtilities.m; sourceTree = "<group>"; };
		542707661F3029F0009006D1 /* 1.jpg */ = {isa = PBXFileReference; lastKnownFileType = image.jpeg; path = 1.jpg; sourceTree = "<group>"; };
		542707671F3029F0009006D1 /* 2.jpg */ = {isa = PBXFileReference; lastKnownFileType = image.jpeg; path = 2.jpg; sourceTree = "<group>"; };
		5427076A1F304D9E009006D1 /* NSArray+LQAdd.h */ = {isa = PBXFileReference; fileEncoding = 4; lastKnownFileType = sourcecode.c.h; path = "NSArray+LQAdd.h"; sourceTree = "<group>"; };
		5427076B1F304D9E009006D1 /* NSArray+LQAdd.m */ = {isa = PBXFileReference; fileEncoding = 4; lastKnownFileType = sourcecode.c.objc; path = "NSArray+LQAdd.m"; sourceTree = "<group>"; };
/* End PBXFileReference section */

/* Begin PBXFrameworksBuildPhase section */
		542707271F2F41DA009006D1 /* Frameworks */ = {
			isa = PBXFrameworksBuildPhase;
			buildActionMask = 2147483647;
			files = (
			);
			runOnlyForDeploymentPostprocessing = 0;
		};
		542707401F2F41DA009006D1 /* Frameworks */ = {
			isa = PBXFrameworksBuildPhase;
			buildActionMask = 2147483647;
			files = (
			);
			runOnlyForDeploymentPostprocessing = 0;
		};
		5427074B1F2F41DB009006D1 /* Frameworks */ = {
			isa = PBXFrameworksBuildPhase;
			buildActionMask = 2147483647;
			files = (
			);
			runOnlyForDeploymentPostprocessing = 0;
		};
/* End PBXFrameworksBuildPhase section */

/* Begin PBXGroup section */
		542707211F2F41DA009006D1 = {
			isa = PBXGroup;
			children = (
				5427072C1F2F41DA009006D1 /* YYKit_Category_Imitate */,
				542707461F2F41DA009006D1 /* YYKit_Category_ImitateTests */,
				542707511F2F41DB009006D1 /* YYKit_Category_ImitateUITests */,
				5427072B1F2F41DA009006D1 /* Products */,
			);
			sourceTree = "<group>";
		};
		5427072B1F2F41DA009006D1 /* Products */ = {
			isa = PBXGroup;
			children = (
				5427072A1F2F41DA009006D1 /* YYKit_Category_Imitate.app */,
				542707431F2F41DA009006D1 /* YYKit_Category_ImitateTests.xctest */,
				5427074E1F2F41DB009006D1 /* YYKit_Category_ImitateUITests.xctest */,
			);
			name = Products;
			sourceTree = "<group>";
		};
		5427072C1F2F41DA009006D1 /* YYKit_Category_Imitate */ = {
			isa = PBXGroup;
			children = (
				542707301F2F41DA009006D1 /* AppDelegate.h */,
				542707311F2F41DA009006D1 /* AppDelegate.m */,
				542707331F2F41DA009006D1 /* ViewController.h */,
				542707341F2F41DA009006D1 /* ViewController.m */,
				542707601F2F41FF009006D1 /* CALayer+LQAdd.h */,
				542707611F2F41FF009006D1 /* CALayer+LQAdd.m */,
				5427076A1F304D9E009006D1 /* NSArray+LQAdd.h */,
				5427076B1F304D9E009006D1 /* NSArray+LQAdd.m */,
				542707631F2F772F009006D1 /* LQCGUtilities.h */,
				542707641F2F772F009006D1 /* LQCGUtilities.m */,
				542707361F2F41DA009006D1 /* Main.storyboard */,
				542707391F2F41DA009006D1 /* Assets.xcassets */,
				5427073B1F2F41DA009006D1 /* LaunchScreen.storyboard */,
				5427073E1F2F41DA009006D1 /* Info.plist */,
				5427072D1F2F41DA009006D1 /* Supporting Files */,
			);
			path = YYKit_Category_Imitate;
			sourceTree = "<group>";
		};
		5427072D1F2F41DA009006D1 /* Supporting Files */ = {
			isa = PBXGroup;
			children = (
				542707661F3029F0009006D1 /* 1.jpg */,
				542707671F3029F0009006D1 /* 2.jpg */,
				5427072E1F2F41DA009006D1 /* main.m */,
			);
			name = "Supporting Files";
			sourceTree = "<group>";
		};
		542707461F2F41DA009006D1 /* YYKit_Category_ImitateTests */ = {
			isa = PBXGroup;
			children = (
				542707471F2F41DB009006D1 /* YYKit_Category_ImitateTests.m */,
				542707491F2F41DB009006D1 /* Info.plist */,
			);
			path = YYKit_Category_ImitateTests;
			sourceTree = "<group>";
		};
		542707511F2F41DB009006D1 /* YYKit_Category_ImitateUITests */ = {
			isa = PBXGroup;
			children = (
				542707521F2F41DB009006D1 /* YYKit_Category_ImitateUITests.m */,
				542707541F2F41DB009006D1 /* Info.plist */,
			);
			path = YYKit_Category_ImitateUITests;
			sourceTree = "<group>";
		};
/* End PBXGroup section */

/* Begin PBXNativeTarget section */
		542707291F2F41DA009006D1 /* YYKit_Category_Imitate */ = {
			isa = PBXNativeTarget;
			buildConfigurationList = 542707571F2F41DB009006D1 /* Build configuration list for PBXNativeTarget "YYKit_Category_Imitate" */;
			buildPhases = (
				542707261F2F41DA009006D1 /* Sources */,
				542707271F2F41DA009006D1 /* Frameworks */,
				542707281F2F41DA009006D1 /* Resources */,
			);
			buildRules = (
			);
			dependencies = (
			);
			name = YYKit_Category_Imitate;
			productName = YYKit_Category_Imitate;
			productReference = 5427072A1F2F41DA009006D1 /* YYKit_Category_Imitate.app */;
			productType = "com.apple.product-type.application";
		};
		542707421F2F41DA009006D1 /* YYKit_Category_ImitateTests */ = {
			isa = PBXNativeTarget;
			buildConfigurationList = 5427075A1F2F41DB009006D1 /* Build configuration list for PBXNativeTarget "YYKit_Category_ImitateTests" */;
			buildPhases = (
				5427073F1F2F41DA009006D1 /* Sources */,
				542707401F2F41DA009006D1 /* Frameworks */,
				542707411F2F41DA009006D1 /* Resources */,
			);
			buildRules = (
			);
			dependencies = (
				542707451F2F41DA009006D1 /* PBXTargetDependency */,
			);
			name = YYKit_Category_ImitateTests;
			productName = YYKit_Category_ImitateTests;
			productReference = 542707431F2F41DA009006D1 /* YYKit_Category_ImitateTests.xctest */;
			productType = "com.apple.product-type.bundle.unit-test";
		};
		5427074D1F2F41DB009006D1 /* YYKit_Category_ImitateUITests */ = {
			isa = PBXNativeTarget;
			buildConfigurationList = 5427075D1F2F41DB009006D1 /* Build configuration list for PBXNativeTarget "YYKit_Category_ImitateUITests" */;
			buildPhases = (
				5427074A1F2F41DB009006D1 /* Sources */,
				5427074B1F2F41DB009006D1 /* Frameworks */,
				5427074C1F2F41DB009006D1 /* Resources */,
			);
			buildRules = (
			);
			dependencies = (
				542707501F2F41DB009006D1 /* PBXTargetDependency */,
			);
			name = YYKit_Category_ImitateUITests;
			productName = YYKit_Category_ImitateUITests;
			productReference = 5427074E1F2F41DB009006D1 /* YYKit_Category_ImitateUITests.xctest */;
			productType = "com.apple.product-type.bundle.ui-testing";
		};
/* End PBXNativeTarget section */

/* Begin PBXProject section */
		542707221F2F41DA009006D1 /* Project object */ = {
			isa = PBXProject;
			attributes = {
				LastUpgradeCheck = 0830;
				ORGANIZATIONNAME = liqian;
				TargetAttributes = {
					542707291F2F41DA009006D1 = {
						CreatedOnToolsVersion = 8.3.2;
						DevelopmentTeam = TP8QMMPN7V;
						ProvisioningStyle = Automatic;
					};
					542707421F2F41DA009006D1 = {
						CreatedOnToolsVersion = 8.3.2;
						DevelopmentTeam = TP8QMMPN7V;
						ProvisioningStyle = Automatic;
						TestTargetID = 542707291F2F41DA009006D1;
					};
					5427074D1F2F41DB009006D1 = {
						CreatedOnToolsVersion = 8.3.2;
						DevelopmentTeam = TP8QMMPN7V;
						ProvisioningStyle = Automatic;
						TestTargetID = 542707291F2F41DA009006D1;
					};
				};
			};
			buildConfigurationList = 542707251F2F41DA009006D1 /* Build configuration list for PBXProject "YYKit_Category_Imitate" */;
			compatibilityVersion = "Xcode 3.2";
			developmentRegion = English;
			hasScannedForEncodings = 0;
			knownRegions = (
				en,
				Base,
			);
			mainGroup = 542707211F2F41DA009006D1;
			productRefGroup = 5427072B1F2F41DA009006D1 /* Products */;
			projectDirPath = "";
			projectRoot = "";
			targets = (
				542707291F2F41DA009006D1 /* YYKit_Category_Imitate */,
				542707421F2F41DA009006D1 /* YYKit_Category_ImitateTests */,
				5427074D1F2F41DB009006D1 /* YYKit_Category_ImitateUITests */,
			);
		};
/* End PBXProject section */

/* Begin PBXResourcesBuildPhase section */
		542707281F2F41DA009006D1 /* Resources */ = {
			isa = PBXResourcesBuildPhase;
			buildActionMask = 2147483647;
			files = (
				5427073D1F2F41DA009006D1 /* LaunchScreen.storyboard in Resources */,
				542707681F3029F0009006D1 /* 1.jpg in Resources */,
				542707691F3029F0009006D1 /* 2.jpg in Resources */,
				5427073A1F2F41DA009006D1 /* Assets.xcassets in Resources */,
				542707381F2F41DA009006D1 /* Main.storyboard in Resources */,
			);
			runOnlyForDeploymentPostprocessing = 0;
		};
		542707411F2F41DA009006D1 /* Resources */ = {
			isa = PBXResourcesBuildPhase;
			buildActionMask = 2147483647;
			files = (
			);
			runOnlyForDeploymentPostprocessing = 0;
		};
		5427074C1F2F41DB009006D1 /* Resources */ = {
			isa = PBXResourcesBuildPhase;
			buildActionMask = 2147483647;
			files = (
			);
			runOnlyForDeploymentPostprocessing = 0;
		};
/* End PBXResourcesBuildPhase section */

/* Begin PBXSourcesBuildPhase section */
		542707261F2F41DA009006D1 /* Sources */ = {
			isa = PBXSourcesBuildPhase;
			buildActionMask = 2147483647;
			files = (
				542707621F2F41FF009006D1 /* CALayer+LQAdd.m in Sources */,
				542707351F2F41DA009006D1 /* ViewController.m in Sources */,
				542707321F2F41DA009006D1 /* AppDelegate.m in Sources */,
				542707651F2F772F009006D1 /* LQCGUtilities.m in Sources */,
				5427072F1F2F41DA009006D1 /* main.m in Sources */,
				5427076C1F304D9E009006D1 /* NSArray+LQAdd.m in Sources */,
			);
			runOnlyForDeploymentPostprocessing = 0;
		};
		5427073F1F2F41DA009006D1 /* Sources */ = {
			isa = PBXSourcesBuildPhase;
			buildActionMask = 2147483647;
			files = (
				542707481F2F41DB009006D1 /* YYKit_Category_ImitateTests.m in Sources */,
			);
			runOnlyForDeploymentPostprocessing = 0;
		};
		5427074A1F2F41DB009006D1 /* Sources */ = {
			isa = PBXSourcesBuildPhase;
			buildActionMask = 2147483647;
			files = (
				542707531F2F41DB009006D1 /* YYKit_Category_ImitateUITests.m in Sources */,
			);
			runOnlyForDeploymentPostprocessing = 0;
		};
/* End PBXSourcesBuildPhase section */

/* Begin PBXTargetDependency section */
		542707451F2F41DA009006D1 /* PBXTargetDependency */ = {
			isa = PBXTargetDependency;
			target = 542707291F2F41DA009006D1 /* YYKit_Category_Imitate */;
			targetProxy = 542707441F2F41DA009006D1 /* PBXContainerItemProxy */;
		};
		542707501F2F41DB009006D1 /* PBXTargetDependency */ = {
			isa = PBXTargetDependency;
			target = 542707291F2F41DA009006D1 /* YYKit_Category_Imitate */;
			targetProxy = 5427074F1F2F41DB009006D1 /* PBXContainerItemProxy */;
		};
/* End PBXTargetDependency section */

/* Begin PBXVariantGroup section */
		542707361F2F41DA009006D1 /* Main.storyboard */ = {
			isa = PBXVariantGroup;
			children = (
				542707371F2F41DA009006D1 /* Base */,
			);
			name = Main.storyboard;
			sourceTree = "<group>";
		};
		5427073B1F2F41DA009006D1 /* LaunchScreen.storyboard */ = {
			isa = PBXVariantGroup;
			children = (
				5427073C1F2F41DA009006D1 /* Base */,
			);
			name = LaunchScreen.storyboard;
			sourceTree = "<group>";
		};
/* End PBXVariantGroup section */

/* Begin XCBuildConfiguration section */
		542707551F2F41DB009006D1 /* Debug */ = {
			isa = XCBuildConfiguration;
			buildSettings = {
				ALWAYS_SEARCH_USER_PATHS = NO;
				CLANG_ANALYZER_NONNULL = YES;
				CLANG_ANALYZER_NUMBER_OBJECT_CONVERSION = YES_AGGRESSIVE;
				CLANG_CXX_LANGUAGE_STANDARD = "gnu++0x";
				CLANG_CXX_LIBRARY = "libc++";
				CLANG_ENABLE_MODULES = YES;
				CLANG_ENABLE_OBJC_ARC = YES;
				CLANG_WARN_BOOL_CONVERSION = YES;
				CLANG_WARN_CONSTANT_CONVERSION = YES;
				CLANG_WARN_DIRECT_OBJC_ISA_USAGE = YES_ERROR;
				CLANG_WARN_DOCUMENTATION_COMMENTS = YES;
				CLANG_WARN_EMPTY_BODY = YES;
				CLANG_WARN_ENUM_CONVERSION = YES;
				CLANG_WARN_INFINITE_RECURSION = YES;
				CLANG_WARN_INT_CONVERSION = YES;
				CLANG_WARN_OBJC_ROOT_CLASS = YES_ERROR;
				CLANG_WARN_SUSPICIOUS_MOVE = YES;
				CLANG_WARN_UNREACHABLE_CODE = YES;
				CLANG_WARN__DUPLICATE_METHOD_MATCH = YES;
				"CODE_SIGN_IDENTITY[sdk=iphoneos*]" = "iPhone Developer";
				COPY_PHASE_STRIP = NO;
				DEBUG_INFORMATION_FORMAT = dwarf;
				ENABLE_STRICT_OBJC_MSGSEND = YES;
				ENABLE_TESTABILITY = YES;
				GCC_C_LANGUAGE_STANDARD = gnu99;
				GCC_DYNAMIC_NO_PIC = NO;
				GCC_NO_COMMON_BLOCKS = YES;
				GCC_OPTIMIZATION_LEVEL = 0;
				GCC_PREPROCESSOR_DEFINITIONS = (
					"DEBUG=1",
					"$(inherited)",
				);
				GCC_WARN_64_TO_32_BIT_CONVERSION = YES;
				GCC_WARN_ABOUT_RETURN_TYPE = YES_ERROR;
				GCC_WARN_UNDECLARED_SELECTOR = YES;
				GCC_WARN_UNINITIALIZED_AUTOS = YES_AGGRESSIVE;
				GCC_WARN_UNUSED_FUNCTION = YES;
				GCC_WARN_UNUSED_VARIABLE = YES;
				IPHONEOS_DEPLOYMENT_TARGET = 10.3;
				MTL_ENABLE_DEBUG_INFO = YES;
				ONLY_ACTIVE_ARCH = YES;
				SDKROOT = iphoneos;
				TARGETED_DEVICE_FAMILY = "1,2";
			};
			name = Debug;
		};
		542707561F2F41DB009006D1 /* Release */ = {
			isa = XCBuildConfiguration;
			buildSettings = {
				ALWAYS_SEARCH_USER_PATHS = NO;
				CLANG_ANALYZER_NONNULL = YES;
				CLANG_ANALYZER_NUMBER_OBJECT_CONVERSION = YES_AGGRESSIVE;
				CLANG_CXX_LANGUAGE_STANDARD = "gnu++0x";
				CLANG_CXX_LIBRARY = "libc++";
				CLANG_ENABLE_MODULES = YES;
				CLANG_ENABLE_OBJC_ARC = YES;
				CLANG_WARN_BOOL_CONVERSION = YES;
				CLANG_WARN_CONSTANT_CONVERSION = YES;
				CLANG_WARN_DIRECT_OBJC_ISA_USAGE = YES_ERROR;
				CLANG_WARN_DOCUMENTATION_COMMENTS = YES;
				CLANG_WARN_EMPTY_BODY = YES;
				CLANG_WARN_ENUM_CONVERSION = YES;
				CLANG_WARN_INFINITE_RECURSION = YES;
				CLANG_WARN_INT_CONVERSION = YES;
				CLANG_WARN_OBJC_ROOT_CLASS = YES_ERROR;
				CLANG_WARN_SUSPICIOUS_MOVE = YES;
				CLANG_WARN_UNREACHABLE_CODE = YES;
				CLANG_WARN__DUPLICATE_METHOD_MATCH = YES;
				"CODE_SIGN_IDENTITY[sdk=iphoneos*]" = "iPhone Developer";
				COPY_PHASE_STRIP = NO;
				DEBUG_INFORMATION_FORMAT = "dwarf-with-dsym";
				ENABLE_NS_ASSERTIONS = NO;
				ENABLE_STRICT_OBJC_MSGSEND = YES;
				GCC_C_LANGUAGE_STANDARD = gnu99;
				GCC_NO_COMMON_BLOCKS = YES;
				GCC_WARN_64_TO_32_BIT_CONVERSION = YES;
				GCC_WARN_ABOUT_RETURN_TYPE = YES_ERROR;
				GCC_WARN_UNDECLARED_SELECTOR = YES;
				GCC_WARN_UNINITIALIZED_AUTOS = YES_AGGRESSIVE;
				GCC_WARN_UNUSED_FUNCTION = YES;
				GCC_WARN_UNUSED_VARIABLE = YES;
				IPHONEOS_DEPLOYMENT_TARGET = 10.3;
				MTL_ENABLE_DEBUG_INFO = NO;
				SDKROOT = iphoneos;
				TARGETED_DEVICE_FAMILY = "1,2";
				VALIDATE_PRODUCT = YES;
			};
			name = Release;
		};
		542707581F2F41DB009006D1 /* Debug */ = {
			isa = XCBuildConfiguration;
			buildSettings = {
				ASSETCATALOG_COMPILER_APPICON_NAME = AppIcon;
				DEVELOPMENT_TEAM = TP8QMMPN7V;
				INFOPLIST_FILE = YYKit_Category_Imitate/Info.plist;
				LD_RUNPATH_SEARCH_PATHS = "$(inherited) @executable_path/Frameworks";
				PRODUCT_BUNDLE_IDENTIFIER = "-.Default.com.YYKit-Category-Imitate";
				PRODUCT_NAME = "$(TARGET_NAME)";
			};
			name = Debug;
		};
		542707591F2F41DB009006D1 /* Release */ = {
			isa = XCBuildConfiguration;
			buildSettings = {
				ASSETCATALOG_COMPILER_APPICON_NAME = AppIcon;
				DEVELOPMENT_TEAM = TP8QMMPN7V;
				INFOPLIST_FILE = YYKit_Category_Imitate/Info.plist;
				LD_RUNPATH_SEARCH_PATHS = "$(inherited) @executable_path/Frameworks";
				PRODUCT_BUNDLE_IDENTIFIER = "-.Default.com.YYKit-Category-Imitate";
				PRODUCT_NAME = "$(TARGET_NAME)";
			};
			name = Release;
		};
		5427075B1F2F41DB009006D1 /* Debug */ = {
			isa = XCBuildConfiguration;
			buildSettings = {
				BUNDLE_LOADER = "$(TEST_HOST)";
				DEVELOPMENT_TEAM = TP8QMMPN7V;
				INFOPLIST_FILE = YYKit_Category_ImitateTests/Info.plist;
				LD_RUNPATH_SEARCH_PATHS = "$(inherited) @executable_path/Frameworks @loader_path/Frameworks";
				PRODUCT_BUNDLE_IDENTIFIER = "-.Default.com.YYKit-Category-ImitateTests";
				PRODUCT_NAME = "$(TARGET_NAME)";
				TEST_HOST = "$(BUILT_PRODUCTS_DIR)/YYKit_Category_Imitate.app/YYKit_Category_Imitate";
			};
			name = Debug;
		};
		5427075C1F2F41DB009006D1 /* Release */ = {
			isa = XCBuildConfiguration;
			buildSettings = {
				BUNDLE_LOADER = "$(TEST_HOST)";
				DEVELOPMENT_TEAM = TP8QMMPN7V;
				INFOPLIST_FILE = YYKit_Category_ImitateTests/Info.plist;
				LD_RUNPATH_SEARCH_PATHS = "$(inherited) @executable_path/Frameworks @loader_path/Frameworks";
				PRODUCT_BUNDLE_IDENTIFIER = "-.Default.com.YYKit-Category-ImitateTests";
				PRODUCT_NAME = "$(TARGET_NAME)";
				TEST_HOST = "$(BUILT_PRODUCTS_DIR)/YYKit_Category_Imitate.app/YYKit_Category_Imitate";
			};
			name = Release;
		};
		5427075E1F2F41DB009006D1 /* Debug */ = {
			isa = XCBuildConfiguration;
			buildSettings = {
				DEVELOPMENT_TEAM = TP8QMMPN7V;
				INFOPLIST_FILE = YYKit_Category_ImitateUITests/Info.plist;
				LD_RUNPATH_SEARCH_PATHS = "$(inherited) @executable_path/Frameworks @loader_path/Frameworks";
				PRODUCT_BUNDLE_IDENTIFIER = "-.Default.com.YYKit-Category-ImitateUITests";
				PRODUCT_NAME = "$(TARGET_NAME)";
				TEST_TARGET_NAME = YYKit_Category_Imitate;
			};
			name = Debug;
		};
		5427075F1F2F41DB009006D1 /* Release */ = {
			isa = XCBuildConfiguration;
			buildSettings = {
				DEVELOPMENT_TEAM = TP8QMMPN7V;
				INFOPLIST_FILE = YYKit_Category_ImitateUITests/Info.plist;
				LD_RUNPATH_SEARCH_PATHS = "$(inherited) @executable_path/Frameworks @loader_path/Frameworks";
				PRODUCT_BUNDLE_IDENTIFIER = "-.Default.com.YYKit-Category-ImitateUITests";
				PRODUCT_NAME = "$(TARGET_NAME)";
				TEST_TARGET_NAME = YYKit_Category_Imitate;
			};
			name = Release;
		};
/* End XCBuildConfiguration section */

/* Begin XCConfigurationList section */
		542707251F2F41DA009006D1 /* Build configuration list for PBXProject "YYKit_Category_Imitate" */ = {
			isa = XCConfigurationList;
			buildConfigurations = (
				542707551F2F41DB009006D1 /* Debug */,
				542707561F2F41DB009006D1 /* Release */,
			);
			defaultConfigurationIsVisible = 0;
			defaultConfigurationName = Release;
		};
		542707571F2F41DB009006D1 /* Build configuration list for PBXNativeTarget "YYKit_Category_Imitate" */ = {
			isa = XCConfigurationList;
			buildConfigurations = (
				542707581F2F41DB009006D1 /* Debug */,
				542707591F2F41DB009006D1 /* Release */,
			);
			defaultConfigurationIsVisible = 0;
			defaultConfigurationName = Release;
		};
		5427075A1F2F41DB009006D1 /* Build configuration list for PBXNativeTarget "YYKit_Category_ImitateTests" */ = {
			isa = XCConfigurationList;
			buildConfigurations = (
				5427075B1F2F41DB009006D1 /* Debug */,
				5427075C1F2F41DB009006D1 /* Release */,
			);
			defaultConfigurationIsVisible = 0;
			defaultConfigurationName = Release;
		};
		5427075D1F2F41DB009006D1 /* Build configuration list for PBXNativeTarget "YYKit_Category_ImitateUITests" */ = {
			isa = XCConfigurationList;
			buildConfigurations = (
				5427075E1F2F41DB009006D1 /* Debug */,
				5427075F1F2F41DB009006D1 /* Release */,
			);
			defaultConfigurationIsVisible = 0;
			defaultConfigurationName = Release;
		};
/* End XCConfigurationList section */
	};
	rootObject = 542707221F2F41DA009006D1 /* Project object */;
}
